
Microsoft Visual Studio Solution File, Format Version 12.00
Project("{2150E333-8FDC-42A3-9474-1A3956D46DE8}") = "src", "src", "{EF910C86-B1D0-44E5-A996-23E45AFA839E}"
EndProject
Project("{FAE04EC0-301F-11D3-BF4B-00C04F79EFBC}") = "CarUsage.Domain", "src\CarUsage.Domain\CarUsage.Domain.csproj", "{3C9F8849-EB36-4C9B-9FA8-81AF59713EE3}"
EndProject
Project("{FAE04EC0-301F-11D3-BF4B-00C04F79EFBC}") = "CarUsage.Application", "src\CarUsage.Application\CarUsage.Application.csproj", "{E72FC3DA-1CBC-449F-93D4-213C03489492}"
EndProject
Project("{FAE04EC0-301F-11D3-BF4B-00C04F79EFBC}") = "CarUsage.Infastructure", "src\CarUsage.Infastructure\CarUsage.Infastructure.csproj", "{862582B7-6FAE-4629-848D-EFBD10D1A094}"
EndProject
Project("{FAE04EC0-301F-11D3-BF4B-00C04F79EFBC}") = "CarUsage.WebApi", "src\CarUsage.WebApi\CarUsage.WebApi.csproj", "{279B407C-A8E3-4A33-900C-2F1D99168648}"
EndProject
Project("{FAE04EC0-301F-11D3-BF4B-00C04F79EFBC}") = "CarUsage.Core", "src\CarUsage.Core\CarUsage.Core.csproj", "{B6BAA4AA-F44E-4C3A-A56C-D085EFBE990F}"
EndProject
Project("{FAE04EC0-301F-11D3-BF4B-00C04F79EFBC}") = "CarUsage.Mvc", "src\CarUsage.Mvc\CarUsage.Mvc.csproj", "{319EDF0E-F0E2-4BBC-9CEB-2EC52A6DC424}"
EndProject
Global
	GlobalSection(SolutionConfigurationPlatforms) = preSolution
		Debug|Any CPU = Debug|Any CPU
		Release|Any CPU = Release|Any CPU
	EndGlobalSection
	GlobalSection(NestedProjects) = preSolution
		{3C9F8849-EB36-4C9B-9FA8-81AF59713EE3} = {EF910C86-B1D0-44E5-A996-23E45AFA839E}
		{E72FC3DA-1CBC-449F-93D4-213C03489492} = {EF910C86-B1D0-44E5-A996-23E45AFA839E}
		{862582B7-6FAE-4629-848D-EFBD10D1A094} = {EF910C86-B1D0-44E5-A996-23E45AFA839E}
		{279B407C-A8E3-4A33-900C-2F1D99168648} = {EF910C86-B1D0-44E5-A996-23E45AFA839E}
		{B6BAA4AA-F44E-4C3A-A56C-D085EFBE990F} = {EF910C86-B1D0-44E5-A996-23E45AFA839E}
		{319EDF0E-F0E2-4BBC-9CEB-2EC52A6DC424} = {EF910C86-B1D0-44E5-A996-23E45AFA839E}
	EndGlobalSection
	GlobalSection(ProjectConfigurationPlatforms) = postSolution
		{3C9F8849-EB36-4C9B-9FA8-81AF59713EE3}.Debug|Any CPU.ActiveCfg = Debug|Any CPU
		{3C9F8849-EB36-4C9B-9FA8-81AF59713EE3}.Debug|Any CPU.Build.0 = Debug|Any CPU
		{3C9F8849-EB36-4C9B-9FA8-81AF59713EE3}.Release|Any CPU.ActiveCfg = Release|Any CPU
		{3C9F8849-EB36-4C9B-9FA8-81AF59713EE3}.Release|Any CPU.Build.0 = Release|Any CPU
		{E72FC3DA-1CBC-449F-93D4-213C03489492}.Debug|Any CPU.ActiveCfg = Debug|Any CPU
		{E72FC3DA-1CBC-449F-93D4-213C03489492}.Debug|Any CPU.Build.0 = Debug|Any CPU
		{E72FC3DA-1CBC-449F-93D4-213C03489492}.Release|Any CPU.ActiveCfg = Release|Any CPU
		{E72FC3DA-1CBC-449F-93D4-213C03489492}.Release|Any CPU.Build.0 = Release|Any CPU
		{862582B7-6FAE-4629-848D-EFBD10D1A094}.Debug|Any CPU.ActiveCfg = Debug|Any CPU
		{862582B7-6FAE-4629-848D-EFBD10D1A094}.Debug|Any CPU.Build.0 = Debug|Any CPU
		{862582B7-6FAE-4629-848D-EFBD10D1A094}.Release|Any CPU.ActiveCfg = Release|Any CPU
		{862582B7-6FAE-4629-848D-EFBD10D1A094}.Release|Any CPU.Build.0 = Release|Any CPU
		{279B407C-A8E3-4A33-900C-2F1D99168648}.Debug|Any CPU.ActiveCfg = Debug|Any CPU
		{279B407C-A8E3-4A33-900C-2F1D99168648}.Debug|Any CPU.Build.0 = Debug|Any CPU
		{279B407C-A8E3-4A33-900C-2F1D99168648}.Release|Any CPU.ActiveCfg = Release|Any CPU
		{279B407C-A8E3-4A33-900C-2F1D99168648}.Release|Any CPU.Build.0 = Release|Any CPU
		{B6BAA4AA-F44E-4C3A-A56C-D085EFBE990F}.Debug|Any CPU.ActiveCfg = Debug|Any CPU
		{B6BAA4AA-F44E-4C3A-A56C-D085EFBE990F}.Debug|Any CPU.Build.0 = Debug|Any CPU
		{B6BAA4AA-F44E-4C3A-A56C-D085EFBE990F}.Release|Any CPU.ActiveCfg = Release|Any CPU
		{B6BAA4AA-F44E-4C3A-A56C-D085EFBE990F}.Release|Any CPU.Build.0 = Release|Any CPU
		{319EDF0E-F0E2-4BBC-9CEB-2EC52A6DC424}.Debug|Any CPU.ActiveCfg = Debug|Any CPU
		{319EDF0E-F0E2-4BBC-9CEB-2EC52A6DC424}.Debug|Any CPU.Build.0 = Debug|Any CPU
		{319EDF0E-F0E2-4BBC-9CEB-2EC52A6DC424}.Release|Any CPU.ActiveCfg = Release|Any CPU
		{319EDF0E-F0E2-4BBC-9CEB-2EC52A6DC424}.Release|Any CPU.Build.0 = Release|Any CPU
	EndGlobalSection
EndGlobal
